
Microsoft Visual Studio Solution File, Format Version 12.00
# Visual Studio Version 17
VisualStudioVersion = 17.7.34031.279
MinimumVisualStudioVersion = 10.0.40219.1
Project("{2150E333-8FDC-42A3-9474-1A3956D46DE8}") = "Core", "Core", "{032062AC-0ED3-4EC9-9A41-942F93DA18C5}"
EndProject
Project("{2150E333-8FDC-42A3-9474-1A3956D46DE8}") = "Infrastructure", "Infrastructure", "{15BA7608-5722-46BA-A8EA-8D02E80DA508}"
EndProject
Project("{2150E333-8FDC-42A3-9474-1A3956D46DE8}") = "Presentation", "Presentation", "{37470627-57AA-4069-8F11-D5D401E7290B}"
EndProject
Project("{2150E333-8FDC-42A3-9474-1A3956D46DE8}") = "Test", "Test", "{DC23CC44-B561-4DB8-9D48-EC8EF333324F}"
EndProject
Project("{2150E333-8FDC-42A3-9474-1A3956D46DE8}") = "UserServices", "UserServices", "{7C728165-E9F3-4B74-B997-323969EE2406}"
EndProject
Project("{9A19103F-16F7-4668-BE54-9A1E7A4F7556}") = "UserServices.Application", "UserServices.Application\UserServices.Application.csproj", "{45BC196C-E32C-4FE7-8775-7F41478A3C2B}"
EndProject
Project("{9A19103F-16F7-4668-BE54-9A1E7A4F7556}") = "UserServices.Domain", "UserServices.Domain\UserServices.Domain.csproj", "{503275BC-AA1B-4980-9C66-73C9F299FE92}"
EndProject
Project("{9A19103F-16F7-4668-BE54-9A1E7A4F7556}") = "DatabasePostgres.Persistance", "DatabasePostgres.Persistance\DatabasePostgres.Persistance.csproj", "{2FA852FA-D6B1-4E73-9D6E-53AC10AF8615}"
EndProject
Project("{9A19103F-16F7-4668-BE54-9A1E7A4F7556}") = "WebApi", "WebApi\WebApi.csproj", "{7FE573A6-0C99-4175-A2B0-A9190F92E517}"
EndProject
Project("{9A19103F-16F7-4668-BE54-9A1E7A4F7556}") = "UserDto", "UserDto\UserDto.csproj", "{13C4F23C-C2CD-4801-A39C-35F922A75549}"
EndProject
Project("{2150E333-8FDC-42A3-9474-1A3956D46DE8}") = "TaskListServices", "TaskListServices", "{93A33BF6-E450-4872-9A18-EBA2B18724E0}"
EndProject
Project("{FAE04EC0-301F-11D3-BF4B-00C04F79EFBC}") = "TaskListServices.Application", "TaskList.Application\TaskListServices.Application.csproj", "{D62A58E1-FCBE-411C-B001-E5C0EFF57E28}"
EndProject
Project("{FAE04EC0-301F-11D3-BF4B-00C04F79EFBC}") = "TaskListServices.Domain", "TaskList.Domain\TaskListServices.Domain.csproj", "{A4158C90-F4C5-46A5-A81E-5E59570EA170}"
EndProject
Project("{FAE04EC0-301F-11D3-BF4B-00C04F79EFBC}") = "TaskListServices.Dto", "TaskListServices.Dto\TaskListServices.Dto.csproj", "{C7A3F154-8D4B-4ABA-96D1-B6D4A6A8ABE2}"
EndProject
Global
	GlobalSection(SolutionConfigurationPlatforms) = preSolution
		Debug|Any CPU = Debug|Any CPU
		Release|Any CPU = Release|Any CPU
	EndGlobalSection
	GlobalSection(ProjectConfigurationPlatforms) = postSolution
		{45BC196C-E32C-4FE7-8775-7F41478A3C2B}.Debug|Any CPU.ActiveCfg = Debug|Any CPU
		{45BC196C-E32C-4FE7-8775-7F41478A3C2B}.Debug|Any CPU.Build.0 = Debug|Any CPU
		{45BC196C-E32C-4FE7-8775-7F41478A3C2B}.Release|Any CPU.ActiveCfg = Release|Any CPU
		{45BC196C-E32C-4FE7-8775-7F41478A3C2B}.Release|Any CPU.Build.0 = Release|Any CPU
		{503275BC-AA1B-4980-9C66-73C9F299FE92}.Debug|Any CPU.ActiveCfg = Debug|Any CPU
		{503275BC-AA1B-4980-9C66-73C9F299FE92}.Debug|Any CPU.Build.0 = Debug|Any CPU
		{503275BC-AA1B-4980-9C66-73C9F299FE92}.Release|Any CPU.ActiveCfg = Release|Any CPU
		{503275BC-AA1B-4980-9C66-73C9F299FE92}.Release|Any CPU.Build.0 = Release|Any CPU
		{2FA852FA-D6B1-4E73-9D6E-53AC10AF8615}.Debug|Any CPU.ActiveCfg = Debug|Any CPU
		{2FA852FA-D6B1-4E73-9D6E-53AC10AF8615}.Debug|Any CPU.Build.0 = Debug|Any CPU
		{2FA852FA-D6B1-4E73-9D6E-53AC10AF8615}.Release|Any CPU.ActiveCfg = Release|Any CPU
		{2FA852FA-D6B1-4E73-9D6E-53AC10AF8615}.Release|Any CPU.Build.0 = Release|Any CPU
		{7FE573A6-0C99-4175-A2B0-A9190F92E517}.Debug|Any CPU.ActiveCfg = Debug|Any CPU
		{7FE573A6-0C99-4175-A2B0-A9190F92E517}.Debug|Any CPU.Build.0 = Debug|Any CPU
		{7FE573A6-0C99-4175-A2B0-A9190F92E517}.Release|Any CPU.ActiveCfg = Release|Any CPU
		{7FE573A6-0C99-4175-A2B0-A9190F92E517}.Release|Any CPU.Build.0 = Release|Any CPU
		{13C4F23C-C2CD-4801-A39C-35F922A75549}.Debug|Any CPU.ActiveCfg = Debug|Any CPU
		{13C4F23C-C2CD-4801-A39C-35F922A75549}.Debug|Any CPU.Build.0 = Debug|Any CPU
		{13C4F23C-C2CD-4801-A39C-35F922A75549}.Release|Any CPU.ActiveCfg = Release|Any CPU
		{13C4F23C-C2CD-4801-A39C-35F922A75549}.Release|Any CPU.Build.0 = Release|Any CPU
		{D62A58E1-FCBE-411C-B001-E5C0EFF57E28}.Debug|Any CPU.ActiveCfg = Debug|Any CPU
		{D62A58E1-FCBE-411C-B001-E5C0EFF57E28}.Debug|Any CPU.Build.0 = Debug|Any CPU
		{D62A58E1-FCBE-411C-B001-E5C0EFF57E28}.Release|Any CPU.ActiveCfg = Release|Any CPU
		{D62A58E1-FCBE-411C-B001-E5C0EFF57E28}.Release|Any CPU.Build.0 = Release|Any CPU
		{A4158C90-F4C5-46A5-A81E-5E59570EA170}.Debug|Any CPU.ActiveCfg = Debug|Any CPU
		{A4158C90-F4C5-46A5-A81E-5E59570EA170}.Debug|Any CPU.Build.0 = Debug|Any CPU
		{A4158C90-F4C5-46A5-A81E-5E59570EA170}.Release|Any CPU.ActiveCfg = Release|Any CPU
		{A4158C90-F4C5-46A5-A81E-5E59570EA170}.Release|Any CPU.Build.0 = Release|Any CPU
		{C7A3F154-8D4B-4ABA-96D1-B6D4A6A8ABE2}.Debug|Any CPU.ActiveCfg = Debug|Any CPU
		{C7A3F154-8D4B-4ABA-96D1-B6D4A6A8ABE2}.Debug|Any CPU.Build.0 = Debug|Any CPU
		{C7A3F154-8D4B-4ABA-96D1-B6D4A6A8ABE2}.Release|Any CPU.ActiveCfg = Release|Any CPU
		{C7A3F154-8D4B-4ABA-96D1-B6D4A6A8ABE2}.Release|Any CPU.Build.0 = Release|Any CPU
	EndGlobalSection
	GlobalSection(SolutionProperties) = preSolution
		HideSolutionNode = FALSE
	EndGlobalSection
	GlobalSection(NestedProjects) = preSolution
		{7C728165-E9F3-4B74-B997-323969EE2406} = {032062AC-0ED3-4EC9-9A41-942F93DA18C5}
		{45BC196C-E32C-4FE7-8775-7F41478A3C2B} = {7C728165-E9F3-4B74-B997-323969EE2406}
		{503275BC-AA1B-4980-9C66-73C9F299FE92} = {7C728165-E9F3-4B74-B997-323969EE2406}
		{2FA852FA-D6B1-4E73-9D6E-53AC10AF8615} = {15BA7608-5722-46BA-A8EA-8D02E80DA508}
		{7FE573A6-0C99-4175-A2B0-A9190F92E517} = {37470627-57AA-4069-8F11-D5D401E7290B}
		{13C4F23C-C2CD-4801-A39C-35F922A75549} = {7C728165-E9F3-4B74-B997-323969EE2406}
		{93A33BF6-E450-4872-9A18-EBA2B18724E0} = {032062AC-0ED3-4EC9-9A41-942F93DA18C5}
		{D62A58E1-FCBE-411C-B001-E5C0EFF57E28} = {93A33BF6-E450-4872-9A18-EBA2B18724E0}
		{A4158C90-F4C5-46A5-A81E-5E59570EA170} = {93A33BF6-E450-4872-9A18-EBA2B18724E0}
		{C7A3F154-8D4B-4ABA-96D1-B6D4A6A8ABE2} = {93A33BF6-E450-4872-9A18-EBA2B18724E0}
	EndGlobalSection
	GlobalSection(ExtensibilityGlobals) = postSolution
		SolutionGuid = {08143696-5D92-418C-B8E2-EE75DDFB1A0A}
	EndGlobalSection
EndGlobal
